
Microsoft Visual Studio Solution File, Format Version 12.00
# Visual Studio Version 17
VisualStudioVersion = 17.4.33213.308
MinimumVisualStudioVersion = 10.0.40219.1
Project("{FAE04EC0-301F-11D3-BF4B-00C04F79EFBC}") = "SanctionScannerAppLibrary", "SanctionScannerAppLibrary\SanctionScannerAppLibrary.csproj", "{8995A272-9C2C-406D-BB27-5B4C6CB394C7}"
EndProject
Global
	GlobalSection(SolutionConfigurationPlatforms) = preSolution
		Debug|Any CPU = Debug|Any CPU
		Release|Any CPU = Release|Any CPU
	EndGlobalSection
	GlobalSection(ProjectConfigurationPlatforms) = postSolution
		{8995A272-9C2C-406D-BB27-5B4C6CB394C7}.Debug|Any CPU.ActiveCfg = Debug|Any CPU
		{8995A272-9C2C-406D-BB27-5B4C6CB394C7}.Debug|Any CPU.Build.0 = Debug|Any CPU
		{8995A272-9C2C-406D-BB27-5B4C6CB394C7}.Release|Any CPU.ActiveCfg = Release|Any CPU
		{8995A272-9C2C-406D-BB27-5B4C6CB394C7}.Release|Any CPU.Build.0 = Release|Any CPU
	EndGlobalSection
	GlobalSection(SolutionProperties) = preSolution
		HideSolutionNode = FALSE
	EndGlobalSection
	GlobalSection(ExtensibilityGlobals) = postSolution
		SolutionGuid = {369EC453-C296-4091-AF89-FEE09D551FD3}
	EndGlobalSection
EndGlobal
